<?xml version="1.0" encoding="utf-8"?>
<Project ToolsVersion="4.0" xmlns="http://schemas.microsoft.com/developer/msbuild/2003">
  <ItemGroup>
    <Filter Include="core">
      <UniqueIdentifier>{aa32d5ca-7ca0-4be7-a775-f58d19bf7754}</UniqueIdentifier>
    </Filter>
  </ItemGroup>
  <ItemGroup>
    <ClCompile Include="core\Platform.cpp">
      <Filter>core</Filter>
    </ClCompile>
    <ClCompile Include="Main.cpp" />
    <ClCompile Include="Context.cpp" />
    <ClCompile Include="core\Logger.cpp">
      <Filter>core</Filter>
    </ClCompile>
    <ClCompile Include="Header.cpp" />
    <ClCompile Include="Request.cpp" />
    <ClCompile Include="core\ServerBase.cpp">
      <Filter>core</Filter>
    </ClCompile>
    <ClCompile Include="core\HttpServer.cpp">
      <Filter>core</Filter>
    </ClCompile>
    <ClCompile Include="Response.cpp" />
    <ClCompile Include="HttpContentType.cpp" />
    <ClCompile Include="core\HttpStatus.cpp">
      <Filter>core</Filter>
    </ClCompile>
    <ClCompile Include="core\FileServer.cpp">
      <Filter>core</Filter>
    </ClCompile>
    <ClCompile Include="RouteHandler.cpp" />
  </ItemGroup>
  <ItemGroup>
    <ClInclude Include="core\Platform.h">
      <Filter>core</Filter>
    </ClInclude>
    <ClInclude Include="core\ThreadPool.h">
      <Filter>core</Filter>
    </ClInclude>
    <ClInclude Include="Context.h" />
    <ClInclude Include="core\Logger.h">
      <Filter>core</Filter>
    </ClInclude>
    <ClInclude Include="core\LoggerSettings.h">
      <Filter>core</Filter>
    </ClInclude>
    <ClInclude Include="Header.h" />
    <ClInclude Include="RequestMethod.h" />
    <ClInclude Include="Request.h" />
    <ClInclude Include="SocketDefinitions.h" />
    <ClInclude Include="core\ServerBase.h">
      <Filter>core</Filter>
    </ClInclude>
    <ClInclude Include="core\HttpServer.h">
      <Filter>core</Filter>
    </ClInclude>
    <ClInclude Include="core\IServer.h">
      <Filter>core</Filter>
    </ClInclude>
    <ClInclude Include="core\HttpStatus.h">
      <Filter>core</Filter>
    </ClInclude>
    <ClInclude Include="WebLoomSettings.h" />
    <ClInclude Include="Response.h" />
    <ClInclude Include="HttpContentType.h" />
    <ClInclude Include="core\FileServer.h">
      <Filter>core</Filter>
    </ClInclude>
    <ClInclude Include="RouteHandler.h" />
  </ItemGroup>
</Project>